
Microsoft Visual Studio Solution File, Format Version 12.00
# Visual Studio Version 17
VisualStudioVersion = 17.1.32328.378
MinimumVisualStudioVersion = 10.0.40219.1
Project("{9A19103F-16F7-4668-BE54-9A1E7A4F7556}") = "API", "API\API.csproj", "{2F5034F8-E995-4925-92A5-6337C7E70EE9}"
EndProject
Project("{FAE04EC0-301F-11D3-BF4B-00C04F79EFBC}") = "Service", "Service\Service.csproj", "{5BB44751-7B57-48AA-B3A9-711870B596B3}"
EndProject
Global
	GlobalSection(SolutionConfigurationPlatforms) = preSolution
		Debug|Any CPU = Debug|Any CPU
		Release|Any CPU = Release|Any CPU
	EndGlobalSection
	GlobalSection(ProjectConfigurationPlatforms) = postSolution
		{2F5034F8-E995-4925-92A5-6337C7E70EE9}.Debug|Any CPU.ActiveCfg = Debug|Any CPU
		{2F5034F8-E995-4925-92A5-6337C7E70EE9}.Debug|Any CPU.Build.0 = Debug|Any CPU
		{2F5034F8-E995-4925-92A5-6337C7E70EE9}.Release|Any CPU.ActiveCfg = Release|Any CPU
		{2F5034F8-E995-4925-92A5-6337C7E70EE9}.Release|Any CPU.Build.0 = Release|Any CPU
		{5BB44751-7B57-48AA-B3A9-711870B596B3}.Debug|Any CPU.ActiveCfg = Debug|Any CPU
		{5BB44751-7B57-48AA-B3A9-711870B596B3}.Debug|Any CPU.Build.0 = Debug|Any CPU
		{5BB44751-7B57-48AA-B3A9-711870B596B3}.Release|Any CPU.ActiveCfg = Release|Any CPU
		{5BB44751-7B57-48AA-B3A9-711870B596B3}.Release|Any CPU.Build.0 = Release|Any CPU
	EndGlobalSection
	GlobalSection(SolutionProperties) = preSolution
		HideSolutionNode = FALSE
	EndGlobalSection
	GlobalSection(ExtensibilityGlobals) = postSolution
		SolutionGuid = {1408E976-7A9D-414B-B0FC-31880E6E4486}
	EndGlobalSection
EndGlobal
